# This file is automatically @generated by Cargo.
# It is not intended for manual editing.
version = 4

[[package]]
name = "common"
version = "1.0.0"

[[package]]
name = "console"
version = "1.0.0"

[[package]]
name = "integration-tests"
version = "1.0.0"

[[package]]
name = "ts-client"
version = "0.1.0"
